
Microsoft Visual Studio Solution File, Format Version 12.00
# Visual Studio Version 16
VisualStudioVersion = 16.0.30621.155
MinimumVisualStudioVersion = 10.0.40219.1
Project("{FAE04EC0-301F-11D3-BF4B-00C04F79EFBC}") = "Retha_DimensionData", "Retha_DimensionData\Retha_DimensionData.csproj", "{522F0576-F219-439F-BC05-AE0A17E1DE63}"
EndProject
Global
	GlobalSection(SolutionConfigurationPlatforms) = preSolution
		Debug|Any CPU = Debug|Any CPU
		Release|Any CPU = Release|Any CPU
	EndGlobalSection
	GlobalSection(ProjectConfigurationPlatforms) = postSolution
		{522F0576-F219-439F-BC05-AE0A17E1DE63}.Debug|Any CPU.ActiveCfg = Debug|Any CPU
		{522F0576-F219-439F-BC05-AE0A17E1DE63}.Debug|Any CPU.Build.0 = Debug|Any CPU
		{522F0576-F219-439F-BC05-AE0A17E1DE63}.Release|Any CPU.ActiveCfg = Release|Any CPU
		{522F0576-F219-439F-BC05-AE0A17E1DE63}.Release|Any CPU.Build.0 = Release|Any CPU
	EndGlobalSection
	GlobalSection(SolutionProperties) = preSolution
		HideSolutionNode = FALSE
	EndGlobalSection
	GlobalSection(ExtensibilityGlobals) = postSolution
		SolutionGuid = {240EF06A-20D1-4E65-930A-9CC113B25D81}
	EndGlobalSection
EndGlobal
